
Microsoft Visual Studio Solution File, Format Version 12.00
# Visual Studio Version 17
VisualStudioVersion = 17.8.34511.84
MinimumVisualStudioVersion = 10.0.40219.1
Project("{FAE04EC0-301F-11D3-BF4B-00C04F79EFBC}") = "CIT 195 Lesson 8 LINQ query", "CIT 195 Lesson 8 LINQ query.csproj", "{593E9530-6590-4BD2-AC7A-63BE4217BBA1}"
EndProject
Global
	GlobalSection(SolutionConfigurationPlatforms) = preSolution
		Debug|Any CPU = Debug|Any CPU
		Release|Any CPU = Release|Any CPU
	EndGlobalSection
	GlobalSection(ProjectConfigurationPlatforms) = postSolution
		{593E9530-6590-4BD2-AC7A-63BE4217BBA1}.Debug|Any CPU.ActiveCfg = Debug|Any CPU
		{593E9530-6590-4BD2-AC7A-63BE4217BBA1}.Debug|Any CPU.Build.0 = Debug|Any CPU
		{593E9530-6590-4BD2-AC7A-63BE4217BBA1}.Release|Any CPU.ActiveCfg = Release|Any CPU
		{593E9530-6590-4BD2-AC7A-63BE4217BBA1}.Release|Any CPU.Build.0 = Release|Any CPU
	EndGlobalSection
	GlobalSection(SolutionProperties) = preSolution
		HideSolutionNode = FALSE
	EndGlobalSection
	GlobalSection(ExtensibilityGlobals) = postSolution
		SolutionGuid = {2743DA1B-7D63-4661-9D6B-77FD923E87D7}
	EndGlobalSection
EndGlobal
